
Microsoft Visual Studio Solution File, Format Version 12.00
# Visual Studio Version 16
VisualStudioVersion = 16.0.810.3
MinimumVisualStudioVersion = 10.0.40219.1
Project("{FAE04EC0-301F-11D3-BF4B-00C04F79EFBC}") = "AirboxSystems.API", "AirboxSystems.API\AirboxSystems.API.csproj", "{DFF53D07-A528-4DC5-9712-0B413C6AB237}"
EndProject
Project("{FAE04EC0-301F-11D3-BF4B-00C04F79EFBC}") = "AirboxSystems.UnitTests", "AirboxSystems.UnitTests\AirboxSystems.UnitTests.csproj", "{5A243DF8-4CE9-45CB-9F77-CF09085793D2}"
EndProject
Project("{E53339B2-1760-4266-BCC7-CA923CBCF16C}") = "docker-compose", "docker-compose.dcproj", "{9BFE422E-BAE4-49A7-8DBD-AFA1F4DE2D4C}"
EndProject
Global
	GlobalSection(SolutionConfigurationPlatforms) = preSolution
		Debug|Any CPU = Debug|Any CPU
		Release|Any CPU = Release|Any CPU
	EndGlobalSection
	GlobalSection(ProjectConfigurationPlatforms) = postSolution
		{DFF53D07-A528-4DC5-9712-0B413C6AB237}.Debug|Any CPU.ActiveCfg = Debug|Any CPU
		{DFF53D07-A528-4DC5-9712-0B413C6AB237}.Debug|Any CPU.Build.0 = Debug|Any CPU
		{DFF53D07-A528-4DC5-9712-0B413C6AB237}.Release|Any CPU.ActiveCfg = Release|Any CPU
		{DFF53D07-A528-4DC5-9712-0B413C6AB237}.Release|Any CPU.Build.0 = Release|Any CPU
		{5A243DF8-4CE9-45CB-9F77-CF09085793D2}.Debug|Any CPU.ActiveCfg = Debug|Any CPU
		{5A243DF8-4CE9-45CB-9F77-CF09085793D2}.Debug|Any CPU.Build.0 = Debug|Any CPU
		{5A243DF8-4CE9-45CB-9F77-CF09085793D2}.Release|Any CPU.ActiveCfg = Release|Any CPU
		{5A243DF8-4CE9-45CB-9F77-CF09085793D2}.Release|Any CPU.Build.0 = Release|Any CPU
		{9BFE422E-BAE4-49A7-8DBD-AFA1F4DE2D4C}.Debug|Any CPU.ActiveCfg = Debug|Any CPU
		{9BFE422E-BAE4-49A7-8DBD-AFA1F4DE2D4C}.Debug|Any CPU.Build.0 = Debug|Any CPU
		{9BFE422E-BAE4-49A7-8DBD-AFA1F4DE2D4C}.Release|Any CPU.ActiveCfg = Release|Any CPU
		{9BFE422E-BAE4-49A7-8DBD-AFA1F4DE2D4C}.Release|Any CPU.Build.0 = Release|Any CPU
	EndGlobalSection
	GlobalSection(SolutionProperties) = preSolution
		HideSolutionNode = FALSE
	EndGlobalSection
	GlobalSection(ExtensibilityGlobals) = postSolution
		SolutionGuid = {B39C9A0F-8430-4262-84C4-C5DB03C69556}
	EndGlobalSection
EndGlobal
